
Microsoft Visual Studio Solution File, Format Version 12.00
# Visual Studio Version 16
VisualStudioVersion = 16.0.32901.82
MinimumVisualStudioVersion = 10.0.40219.1
Project("{FAE04EC0-301F-11D3-BF4B-00C04F79EFBC}") = "VR Tools", "VR Tools.csproj", "{06C1E745-1129-4437-93A0-779EEC929B92}"
EndProject
Global
	GlobalSection(SolutionConfigurationPlatforms) = preSolution
		Debug|Any CPU = Debug|Any CPU
		Release|Any CPU = Release|Any CPU
	EndGlobalSection
	GlobalSection(ProjectConfigurationPlatforms) = postSolution
		{06C1E745-1129-4437-93A0-779EEC929B92}.Debug|Any CPU.ActiveCfg = Debug|Any CPU
		{06C1E745-1129-4437-93A0-779EEC929B92}.Debug|Any CPU.Build.0 = Debug|Any CPU
		{06C1E745-1129-4437-93A0-779EEC929B92}.Release|Any CPU.ActiveCfg = Release|Any CPU
		{06C1E745-1129-4437-93A0-779EEC929B92}.Release|Any CPU.Build.0 = Release|Any CPU
	EndGlobalSection
	GlobalSection(SolutionProperties) = preSolution
		HideSolutionNode = FALSE
	EndGlobalSection
	GlobalSection(ExtensibilityGlobals) = postSolution
		SolutionGuid = {39BD6448-6EE6-4E33-B06E-5539B0CC5CD9}
	EndGlobalSection
EndGlobal
